// !$*UTF8*$!
{
	archiveVersion = 1;
	classes = {
	};
	objectVersion = 50;
	objects = {

/* Begin PBXBuildFile section */
		845FE0F0243419CF00455E6F /* AppDelegate.swift in Sources */ = {isa = PBXBuildFile; fileRef = 845FE0EF243419CF00455E6F /* AppDelegate.swift */; };
		845FE0F2243419CF00455E6F /* SceneDelegate.swift in Sources */ = {isa = PBXBuildFile; fileRef = 845FE0F1243419CF00455E6F /* SceneDelegate.swift */; };
		845FE0F4243419CF00455E6F /* MainWeatherVC.swift in Sources */ = {isa = PBXBuildFile; fileRef = 845FE0F3243419CF00455E6F /* MainWeatherVC.swift */; };
		845FE0F7243419CF00455E6F /* Main.storyboard in Resources */ = {isa = PBXBuildFile; fileRef = 845FE0F5243419CF00455E6F /* Main.storyboard */; };
		845FE0F9243419D700455E6F /* Assets.xcassets in Resources */ = {isa = PBXBuildFile; fileRef = 845FE0F8243419D700455E6F /* Assets.xcassets */; };
		845FE0FC243419D700455E6F /* LaunchScreen.storyboard in Resources */ = {isa = PBXBuildFile; fileRef = 845FE0FA243419D700455E6F /* LaunchScreen.storyboard */; };
		845FE10424341A7200455E6F /* NetworkManager.swift in Sources */ = {isa = PBXBuildFile; fileRef = 845FE10324341A7200455E6F /* NetworkManager.swift */; };
		845FE10624349CFD00455E6F /* WeatherModel.swift in Sources */ = {isa = PBXBuildFile; fileRef = 845FE10524349CFC00455E6F /* WeatherModel.swift */; };
		845FE10924349FC300455E6F /* CoreLocation.framework in Frameworks */ = {isa = PBXBuildFile; fileRef = 845FE10824349FC300455E6F /* CoreLocation.framework */; };
		8470A826243A73BE0091ECA6 /* Weather.gif in Resources */ = {isa = PBXBuildFile; fileRef = 8470A825243A73BB0091ECA6 /* Weather.gif */; };
		84A1C6F92436B5BB00132D0D /* InfoWeatherTableViewCell.swift in Sources */ = {isa = PBXBuildFile; fileRef = 84A1C6F82436B5BB00132D0D /* InfoWeatherTableViewCell.swift */; };
		84A1C6FD2437945E00132D0D /* SuperCrutchTableViewCell.swift in Sources */ = {isa = PBXBuildFile; fileRef = 84A1C6FC2437945D00132D0D /* SuperCrutchTableViewCell.swift */; };
		84A1C6FF2437F3BB00132D0D /* SuperCrutchHeaderTableViewCellTableViewCell.swift in Sources */ = {isa = PBXBuildFile; fileRef = 84A1C6FE2437F3BB00132D0D /* SuperCrutchHeaderTableViewCellTableViewCell.swift */; };
		84AFB88024354D9A00AA1E9A /* CollectionTableViewCell.swift in Sources */ = {isa = PBXBuildFile; fileRef = 84AFB87F24354D9A00AA1E9A /* CollectionTableViewCell.swift */; };
		84AFB88224354DBF00AA1E9A /* CollectionViewCell.swift in Sources */ = {isa = PBXBuildFile; fileRef = 84AFB88124354DBF00AA1E9A /* CollectionViewCell.swift */; };
		84AFB88824361D9600AA1E9A /* WeekTableViewCell.swift in Sources */ = {isa = PBXBuildFile; fileRef = 84AFB88724361D9300AA1E9A /* WeekTableViewCell.swift */; };
/* End PBXBuildFile section */

/* Begin PBXFileReference section */
		845FE0EC243419CF00455E6F /* TZ_Wheather.app */ = {isa = PBXFileReference; explicitFileType = wrapper.application; includeInIndex = 0; path = TZ_Wheather.app; sourceTree = BUILT_PRODUCTS_DIR; };
		845FE0EF243419CF00455E6F /* AppDelegate.swift */ = {isa = PBXFileReference; lastKnownFileType = sourcecode.swift; path = AppDelegate.swift; sourceTree = "<group>"; };
		845FE0F1243419CF00455E6F /* SceneDelegate.swift */ = {isa = PBXFileReference; lastKnownFileType = sourcecode.swift; path = SceneDelegate.swift; sourceTree = "<group>"; };
		845FE0F3243419CF00455E6F /* MainWeatherVC.swift */ = {isa = PBXFileReference; lastKnownFileType = sourcecode.swift; path = MainWeatherVC.swift; sourceTree = "<group>"; };
		845FE0F6243419CF00455E6F /* Base */ = {isa = PBXFileReference; lastKnownFileType = file.storyboard; name = Base; path = Base.lproj/Main.storyboard; sourceTree = "<group>"; };
		845FE0F8243419D700455E6F /* Assets.xcassets */ = {isa = PBXFileReference; lastKnownFileType = folder.assetcatalog; path = Assets.xcassets; sourceTree = "<group>"; };
		845FE0FB243419D700455E6F /* Base */ = {isa = PBXFileReference; lastKnownFileType = file.storyboard; name = Base; path = Base.lproj/LaunchScreen.storyboard; sourceTree = "<group>"; };
		845FE0FD243419D700455E6F /* Info.plist */ = {isa = PBXFileReference; lastKnownFileType = text.plist.xml; path = Info.plist; sourceTree = "<group>"; };
		845FE10324341A7200455E6F /* NetworkManager.swift */ = {isa = PBXFileReference; lastKnownFileType = sourcecode.swift; path = NetworkManager.swift; sourceTree = SOURCE_ROOT; };
		845FE10524349CFC00455E6F /* WeatherModel.swift */ = {isa = PBXFileReference; lastKnownFileType = sourcecode.swift; path = WeatherModel.swift; sourceTree = "<group>"; };
		845FE10824349FC300455E6F /* CoreLocation.framework */ = {isa = PBXFileReference; lastKnownFileType = wrapper.framework; name = CoreLocation.framework; path = System/Library/Frameworks/CoreLocation.framework; sourceTree = SDKROOT; };
		8470A825243A73BB0091ECA6 /* Weather.gif */ = {isa = PBXFileReference; lastKnownFileType = image.gif; path = Weather.gif; sourceTree = "<group>"; };
		84A1C6F82436B5BB00132D0D /* InfoWeatherTableViewCell.swift */ = {isa = PBXFileReference; lastKnownFileType = sourcecode.swift; path = InfoWeatherTableViewCell.swift; sourceTree = "<group>"; };
		84A1C6FC2437945D00132D0D /* SuperCrutchTableViewCell.swift */ = {isa = PBXFileReference; lastKnownFileType = sourcecode.swift; path = SuperCrutchTableViewCell.swift; sourceTree = "<group>"; };
		84A1C6FE2437F3BB00132D0D /* SuperCrutchHeaderTableViewCellTableViewCell.swift */ = {isa = PBXFileReference; lastKnownFileType = sourcecode.swift; path = SuperCrutchHeaderTableViewCellTableViewCell.swift; sourceTree = "<group>"; };
		84AFB87F24354D9A00AA1E9A /* CollectionTableViewCell.swift */ = {isa = PBXFileReference; lastKnownFileType = sourcecode.swift; path = CollectionTableViewCell.swift; sourceTree = "<group>"; };
		84AFB88124354DBF00AA1E9A /* CollectionViewCell.swift */ = {isa = PBXFileReference; lastKnownFileType = sourcecode.swift; path = CollectionViewCell.swift; sourceTree = "<group>"; };
		84AFB88724361D9300AA1E9A /* WeekTableViewCell.swift */ = {isa = PBXFileReference; lastKnownFileType = sourcecode.swift; path = WeekTableViewCell.swift; sourceTree = "<group>"; };
/* End PBXFileReference section */

/* Begin PBXFrameworksBuildPhase section */
		845FE0E9243419CF00455E6F /* Frameworks */ = {
			isa = PBXFrameworksBuildPhase;
			buildActionMask = 2147483647;
			files = (
				845FE10924349FC300455E6F /* CoreLocation.framework in Frameworks */,
			);
			runOnlyForDeploymentPostprocessing = 0;
		};
/* End PBXFrameworksBuildPhase section */

/* Begin PBXGroup section */
		845FE0E3243419CF00455E6F = {
			isa = PBXGroup;
			children = (
				8470A825243A73BB0091ECA6 /* Weather.gif */,
				845FE0EE243419CF00455E6F /* TZ_Wheather */,
				845FE0ED243419CF00455E6F /* Products */,
				845FE10724349FC200455E6F /* Frameworks */,
			);
			sourceTree = "<group>";
		};
		845FE0ED243419CF00455E6F /* Products */ = {
			isa = PBXGroup;
			children = (
				845FE0EC243419CF00455E6F /* TZ_Wheather.app */,
			);
			name = Products;
			sourceTree = "<group>";
		};
		845FE0EE243419CF00455E6F /* TZ_Wheather */ = {
			isa = PBXGroup;
			children = (
				845FE0EF243419CF00455E6F /* AppDelegate.swift */,
				845FE0F1243419CF00455E6F /* SceneDelegate.swift */,
				845FE10524349CFC00455E6F /* WeatherModel.swift */,
				845FE10324341A7200455E6F /* NetworkManager.swift */,
				845FE0F3243419CF00455E6F /* MainWeatherVC.swift */,
				84AFB87F24354D9A00AA1E9A /* CollectionTableViewCell.swift */,
				84AFB88124354DBF00AA1E9A /* CollectionViewCell.swift */,
				84AFB88724361D9300AA1E9A /* WeekTableViewCell.swift */,
				84A1C6F82436B5BB00132D0D /* InfoWeatherTableViewCell.swift */,
				84A1C6FC2437945D00132D0D /* SuperCrutchTableViewCell.swift */,
				84A1C6FE2437F3BB00132D0D /* SuperCrutchHeaderTableViewCellTableViewCell.swift */,
				845FE0F5243419CF00455E6F /* Main.storyboard */,
				845FE0F8243419D700455E6F /* Assets.xcassets */,
				845FE0FA243419D700455E6F /* LaunchScreen.storyboard */,
				845FE0FD243419D700455E6F /* Info.plist */,
			);
			path = TZ_Wheather;
			sourceTree = "<group>";
		};
		845FE10724349FC200455E6F /* Frameworks */ = {
			isa = PBXGroup;
			children = (
				845FE10824349FC300455E6F /* CoreLocation.framework */,
			);
			name = Frameworks;
			sourceTree = "<group>";
		};
/* End PBXGroup section */

/* Begin PBXNativeTarget section */
		845FE0EB243419CF00455E6F /* TZ_Wheather */ = {
			isa = PBXNativeTarget;
			buildConfigurationList = 845FE100243419D700455E6F /* Build configuration list for PBXNativeTarget "TZ_Wheather" */;
			buildPhases = (
				845FE0E8243419CF00455E6F /* Sources */,
				845FE0E9243419CF00455E6F /* Frameworks */,
				845FE0EA243419CF00455E6F /* Resources */,
			);
			buildRules = (
			);
			dependencies = (
			);
			name = TZ_Wheather;
			productName = TZ_Wheather;
			productReference = 845FE0EC243419CF00455E6F /* TZ_Wheather.app */;
			productType = "com.apple.product-type.application";
		};
/* End PBXNativeTarget section */

/* Begin PBXProject section */
		845FE0E4243419CF00455E6F /* Project object */ = {
			isa = PBXProject;
			attributes = {
				LastSwiftUpdateCheck = 1120;
				LastUpgradeCheck = 1120;
				ORGANIZATIONNAME = admin;
				TargetAttributes = {
					845FE0EB243419CF00455E6F = {
						CreatedOnToolsVersion = 11.2.1;
					};
				};
			};
			buildConfigurationList = 845FE0E7243419CF00455E6F /* Build configuration list for PBXProject "TZ_Wheather" */;
			compatibilityVersion = "Xcode 9.3";
			developmentRegion = en;
			hasScannedForEncodings = 0;
			knownRegions = (
				en,
				Base,
			);
			mainGroup = 845FE0E3243419CF00455E6F;
			productRefGroup = 845FE0ED243419CF00455E6F /* Products */;
			projectDirPath = "";
			projectRoot = "";
			targets = (
				845FE0EB243419CF00455E6F /* TZ_Wheather */,
			);
		};
/* End PBXProject section */

/* Begin PBXResourcesBuildPhase section */
		845FE0EA243419CF00455E6F /* Resources */ = {
			isa = PBXResourcesBuildPhase;
			buildActionMask = 2147483647;
			files = (
				845FE0FC243419D700455E6F /* LaunchScreen.storyboard in Resources */,
				845FE0F9243419D700455E6F /* Assets.xcassets in Resources */,
				845FE0F7243419CF00455E6F /* Main.storyboard in Resources */,
				8470A826243A73BE0091ECA6 /* Weather.gif in Resources */,
			);
			runOnlyForDeploymentPostprocessing = 0;
		};
/* End PBXResourcesBuildPhase section */

/* Begin PBXSourcesBuildPhase section */
		845FE0E8243419CF00455E6F /* Sources */ = {
			isa = PBXSourcesBuildPhase;
			buildActionMask = 2147483647;
			files = (
				84AFB88224354DBF00AA1E9A /* CollectionViewCell.swift in Sources */,
				84A1C6FD2437945E00132D0D /* SuperCrutchTableViewCell.swift in Sources */,
				845FE10424341A7200455E6F /* NetworkManager.swift in Sources */,
				845FE0F4243419CF00455E6F /* MainWeatherVC.swift in Sources */,
				84A1C6F92436B5BB00132D0D /* InfoWeatherTableViewCell.swift in Sources */,
				84AFB88824361D9600AA1E9A /* WeekTableViewCell.swift in Sources */,
				845FE0F0243419CF00455E6F /* AppDelegate.swift in Sources */,
				845FE0F2243419CF00455E6F /* SceneDelegate.swift in Sources */,
				845FE10624349CFD00455E6F /* WeatherModel.swift in Sources */,
				84A1C6FF2437F3BB00132D0D /* SuperCrutchHeaderTableViewCellTableViewCell.swift in Sources */,
				84AFB88024354D9A00AA1E9A /* CollectionTableViewCell.swift in Sources */,
			);
			runOnlyForDeploymentPostprocessing = 0;
		};
/* End PBXSourcesBuildPhase section */

/* Begin PBXVariantGroup section */
		845FE0F5243419CF00455E6F /* Main.storyboard */ = {
			isa = PBXVariantGroup;
			children = (
				845FE0F6243419CF00455E6F /* Base */,
			);
			name = Main.storyboard;
			sourceTree = "<group>";
		};
		845FE0FA243419D700455E6F /* LaunchScreen.storyboard */ = {
			isa = PBXVariantGroup;
			children = (
				845FE0FB243419D700455E6F /* Base */,
			);
			name = LaunchScreen.storyboard;
			sourceTree = "<group>";
		};
/* End PBXVariantGroup section */

/* Begin XCBuildConfiguration section */
		845FE0FE243419D700455E6F /* Debug */ = {
			isa = XCBuildConfiguration;
			buildSettings = {
				ALWAYS_SEARCH_USER_PATHS = NO;
				CLANG_ANALYZER_NONNULL = YES;
				CLANG_ANALYZER_NUMBER_OBJECT_CONVERSION = YES_AGGRESSIVE;
				CLANG_CXX_LANGUAGE_STANDARD = "gnu++14";
				CLANG_CXX_LIBRARY = "libc++";
				CLANG_ENABLE_MODULES = YES;
				CLANG_ENABLE_OBJC_ARC = YES;
				CLANG_ENABLE_OBJC_WEAK = YES;
				CLANG_WARN_BLOCK_CAPTURE_AUTORELEASING = YES;
				CLANG_WARN_BOOL_CONVERSION = YES;
				CLANG_WARN_COMMA = YES;
				CLANG_WARN_CONSTANT_CONVERSION = YES;
				CLANG_WARN_DEPRECATED_OBJC_IMPLEMENTATIONS = YES;
				CLANG_WARN_DIRECT_OBJC_ISA_USAGE = YES_ERROR;
				CLANG_WARN_DOCUMENTATION_COMMENTS = YES;
				CLANG_WARN_EMPTY_BODY = YES;
				CLANG_WARN_ENUM_CONVERSION = YES;
				CLANG_WARN_INFINITE_RECURSION = YES;
				CLANG_WARN_INT_CONVERSION = YES;
				CLANG_WARN_NON_LITERAL_NULL_CONVERSION = YES;
				CLANG_WARN_OBJC_IMPLICIT_RETAIN_SELF = YES;
				CLANG_WARN_OBJC_LITERAL_CONVERSION = YES;
				CLANG_WARN_OBJC_ROOT_CLASS = YES_ERROR;
				CLANG_WARN_RANGE_LOOP_ANALYSIS = YES;
				CLANG_WARN_STRICT_PROTOTYPES = YES;
				CLANG_WARN_SUSPICIOUS_MOVE = YES;
				CLANG_WARN_UNGUARDED_AVAILABILITY = YES_AGGRESSIVE;
				CLANG_WARN_UNREACHABLE_CODE = YES;
				CLANG_WARN__DUPLICATE_METHOD_MATCH = YES;
				COPY_PHASE_STRIP = NO;
				DEBUG_INFORMATION_FORMAT = dwarf;
				ENABLE_STRICT_OBJC_MSGSEND = YES;
				ENABLE_TESTABILITY = YES;
				GCC_C_LANGUAGE_STANDARD = gnu11;
				GCC_DYNAMIC_NO_PIC = NO;
				GCC_NO_COMMON_BLOCKS = YES;
				GCC_OPTIMIZATION_LEVEL = 0;
				GCC_PREPROCESSOR_DEFINITIONS = (
					"DEBUG=1",
					"$(inherited)",
				);
				GCC_WARN_64_TO_32_BIT_CONVERSION = YES;
				GCC_WARN_ABOUT_RETURN_TYPE = YES_ERROR;
				GCC_WARN_UNDECLARED_SELECTOR = YES;
				GCC_WARN_UNINITIALIZED_AUTOS = YES_AGGRESSIVE;
				GCC_WARN_UNUSED_FUNCTION = YES;
				GCC_WARN_UNUSED_VARIABLE = YES;
				IPHONEOS_DEPLOYMENT_TARGET = 13.2;
				MTL_ENABLE_DEBUG_INFO = INCLUDE_SOURCE;
				MTL_FAST_MATH = YES;
				ONLY_ACTIVE_ARCH = YES;
				SDKROOT = iphoneos;
				SWIFT_ACTIVE_COMPILATION_CONDITIONS = DEBUG;
				SWIFT_OPTIMIZATION_LEVEL = "-Onone";
			};
			name = Debug;
		};
		845FE0FF243419D700455E6F /* Release */ = {
			isa = XCBuildConfiguration;
			buildSettings = {
				ALWAYS_SEARCH_USER_PATHS = NO;
				CLANG_ANALYZER_NONNULL = YES;
				CLANG_ANALYZER_NUMBER_OBJECT_CONVERSION = YES_AGGRESSIVE;
				CLANG_CXX_LANGUAGE_STANDARD = "gnu++14";
				CLANG_CXX_LIBRARY = "libc++";
				CLANG_ENABLE_MODULES = YES;
				CLANG_ENABLE_OBJC_ARC = YES;
				CLANG_ENABLE_OBJC_WEAK = YES;
				CLANG_WARN_BLOCK_CAPTURE_AUTORELEASING = YES;
				CLANG_WARN_BOOL_CONVERSION = YES;
				CLANG_WARN_COMMA = YES;
				CLANG_WARN_CONSTANT_CONVERSION = YES;
				CLANG_WARN_DEPRECATED_OBJC_IMPLEMENTATIONS = YES;
				CLANG_WARN_DIRECT_OBJC_ISA_USAGE = YES_ERROR;
				CLANG_WARN_DOCUMENTATION_COMMENTS = YES;
				CLANG_WARN_EMPTY_BODY = YES;
				CLANG_WARN_ENUM_CONVERSION = YES;
				CLANG_WARN_INFINITE_RECURSION = YES;
				CLANG_WARN_INT_CONVERSION = YES;
				CLANG_WARN_NON_LITERAL_NULL_CONVERSION = YES;
				CLANG_WARN_OBJC_IMPLICIT_RETAIN_SELF = YES;
				CLANG_WARN_OBJC_LITERAL_CONVERSION = YES;
				CLANG_WARN_OBJC_ROOT_CLASS = YES_ERROR;
				CLANG_WARN_RANGE_LOOP_ANALYSIS = YES;
				CLANG_WARN_STRICT_PROTOTYPES = YES;
				CLANG_WARN_SUSPICIOUS_MOVE = YES;
				CLANG_WARN_UNGUARDED_AVAILABILITY = YES_AGGRESSIVE;
				CLANG_WARN_UNREACHABLE_CODE = YES;
				CLANG_WARN__DUPLICATE_METHOD_MATCH = YES;
				COPY_PHASE_STRIP = NO;
				DEBUG_INFORMATION_FORMAT = "dwarf-with-dsym";
				ENABLE_NS_ASSERTIONS = NO;
				ENABLE_STRICT_OBJC_MSGSEND = YES;
				GCC_C_LANGUAGE_STANDARD = gnu11;
				GCC_NO_COMMON_BLOCKS = YES;
				GCC_WARN_64_TO_32_BIT_CONVERSION = YES;
				GCC_WARN_ABOUT_RETURN_TYPE = YES_ERROR;
				GCC_WARN_UNDECLARED_SELECTOR = YES;
				GCC_WARN_UNINITIALIZED_AUTOS = YES_AGGRESSIVE;
				GCC_WARN_UNUSED_FUNCTION = YES;
				GCC_WARN_UNUSED_VARIABLE = YES;
				IPHONEOS_DEPLOYMENT_TARGET = 13.2;
				MTL_ENABLE_DEBUG_INFO = NO;
				MTL_FAST_MATH = YES;
				SDKROOT = iphoneos;
				SWIFT_COMPILATION_MODE = wholemodule;
				SWIFT_OPTIMIZATION_LEVEL = "-O";
				VALIDATE_PRODUCT = YES;
			};
			name = Release;
		};
		845FE101243419D700455E6F /* Debug */ = {
			isa = XCBuildConfiguration;
			buildSettings = {
				ASSETCATALOG_COMPILER_APPICON_NAME = AppIcon;
				CODE_SIGN_STYLE = Automatic;
				DEVELOPMENT_TEAM = 983XRGXLPF;
				INFOPLIST_FILE = TZ_Wheather/Info.plist;
				LD_RUNPATH_SEARCH_PATHS = (
					"$(inherited)",
					"@executable_path/Frameworks",
				);
				PRODUCT_BUNDLE_IDENTIFIER = "nb.TZ-Wheather";
				PRODUCT_NAME = "$(TARGET_NAME)";
				SWIFT_VERSION = 5.0;
				TARGETED_DEVICE_FAMILY = "1,2";
			};
			name = Debug;
		};
		845FE102243419D700455E6F /* Release */ = {
			isa = XCBuildConfiguration;
			buildSettings = {
				ASSETCATALOG_COMPILER_APPICON_NAME = AppIcon;
				CODE_SIGN_STYLE = Automatic;
				DEVELOPMENT_TEAM = 983XRGXLPF;
				INFOPLIST_FILE = TZ_Wheather/Info.plist;
				LD_RUNPATH_SEARCH_PATHS = (
					"$(inherited)",
					"@executable_path/Frameworks",
				);
				PRODUCT_BUNDLE_IDENTIFIER = "nb.TZ-Wheather";
				PRODUCT_NAME = "$(TARGET_NAME)";
				SWIFT_VERSION = 5.0;
				TARGETED_DEVICE_FAMILY = "1,2";
			};
			name = Release;
		};
/* End XCBuildConfiguration section */

/* Begin XCConfigurationList section */
		845FE0E7243419CF00455E6F /* Build configuration list for PBXProject "TZ_Wheather" */ = {
			isa = XCConfigurationList;
			buildConfigurations = (
				845FE0FE243419D700455E6F /* Debug */,
				845FE0FF243419D700455E6F /* Release */,
			);
			defaultConfigurationIsVisible = 0;
			defaultConfigurationName = Release;
		};
		845FE100243419D700455E6F /* Build configuration list for PBXNativeTarget "TZ_Wheather" */ = {
			isa = XCConfigurationList;
			buildConfigurations = (
				845FE101243419D700455E6F /* Debug */,
				845FE102243419D700455E6F /* Release */,
			);
			defaultConfigurationIsVisible = 0;
			defaultConfigurationName = Release;
		};
/* End XCConfigurationList section */
	};
	rootObject = 845FE0E4243419CF00455E6F /* Project object */;
}
